{
  "lockfile_version": "1",
  "packages": {
    "code-cursor@latest": {
      "last_modified": "2026-03-01T09:58:01Z",
      "resolved": "github:NixOS/nixpkgs/42bbf3e1e000963f4f3f37daa822c67c4d8856c4#code-cursor",
      "source": "devbox-search",
      "version": "2.5.26",
      "systems": {
        "aarch64-darwin": {
          "outputs": [
            {
              "name": "out",
              "path": "/nix/store/s4pwnk0skkv0za3rw9ziy69fg2sn1c70-cursor-2.5.26",
              "default": true
            }
          ],
          "store_path": "/nix/store/s4pwnk0skkv0za3rw9ziy69fg2sn1c70-cursor-2.5.26"
        },
        "aarch64-linux": {
          "outputs": [
            {
              "name": "out",
              "path": "/nix/store/2zy4pl1b1la1fwn50xslh625wj6458jy-cursor-2.5.26",
              "default": true
            }
          ],
          "store_path": "/nix/store/2zy4pl1b1la1fwn50xslh625wj6458jy-cursor-2.5.26"
        },
        "x86_64-darwin": {
          "outputs": [
            {
              "name": "out",
              "path": "/nix/store/1r62jpwvin65j612j60wzbsbp7rhb8rp-cursor-2.5.26",
              "default": true
            }
          ],
          "store_path": "/nix/store/1r62jpwvin65j612j60wzbsbp7rhb8rp-cursor-2.5.26"
        },
        "x86_64-linux": {
          "outputs": [
            {
              "name": "out",
              "path": "/nix/store/0jnbc6qh8gszhpbd25m2lhm7vsiwknrg-cursor-2.5.26",
              "default": true
            }
          ],
          "store_path": "/nix/store/0jnbc6qh8gszhpbd25m2lhm7vsiwknrg-cursor-2.5.26"
        }
      }
    },
    "github:NixOS/nixpkgs/nixpkgs-unstable": {
      "last_modified": "2026-03-05T18:52:33Z",
      "resolved": "github:NixOS/nixpkgs/917fec990948658ef1ccd07cef2a1ef060786846?lastModified=1772736753&narHash=sha256-au%2Fm3%2BEuBLoSzWUCb64a%2FMZq6QUtOV8oC0D9tY2scPQ%3D"
    },
    "gnumake@latest": {
      "last_modified": "2026-03-04T09:05:08Z",
      "resolved": "github:NixOS/nixpkgs/0c39f3b5a9a234421d4ad43ab9c7cf64840172d0#gnumake",
      "source": "devbox-search",
      "version": "4.4.1",
      "systems": {
        "aarch64-darwin": {
          "outputs": [
            {
              "name": "out",
              "path": "/nix/store/l8jkq4dnsknlxz436w6gw5rcm09mvq6p-gnumake-4.4.1",
              "default": true
            },
            {
              "name": "man",
              "path": "/nix/store/0qrs1ij6pa43h6d2kvy432gii6gzdyww-gnumake-4.4.1-man",
              "default": true
            },
            {
              "name": "doc",
              "path": "/nix/store/rz0cl03rws25hb625ysz58h4jci9zaxx-gnumake-4.4.1-doc"
            },
            {
              "name": "info",
              "path": "/nix/store/a5aasi52xsdvwxn1kqsxahfr40b92cb9-gnumake-4.4.1-info"
            }
          ],
          "store_path": "/nix/store/l8jkq4dnsknlxz436w6gw5rcm09mvq6p-gnumake-4.4.1"
        },
        "aarch64-linux": {
          "outputs": [
            {
              "name": "out",
              "path": "/nix/store/ll59b86m0kn5gxmk0qvrgb5vkl7wsw6d-gnumake-4.4.1",
              "default": true
            },
            {
              "name": "man",
              "path": "/nix/store/3avxkf4xbqp7r0sarmij3cs6ig2whn0l-gnumake-4.4.1-man",
              "default": true
            },
            {
              "name": "debug",
              "path": "/nix/store/1ba52w1pz1h7jfi4kc02m21jxvncwb14-gnumake-4.4.1-debug"
            },
            {
              "name": "doc",
              "path": "/nix/store/r238n9mfsxpl826l35127ng810pifb7c-gnumake-4.4.1-doc"
            },
            {
              "name": "info",
              "path": "/nix/store/d49b6qcdpzxqifrysyc2a63x2hdcgbyn-gnumake-4.4.1-info"
            }
          ],
          "store_path": "/nix/store/ll59b86m0kn5gxmk0qvrgb5vkl7wsw6d-gnumake-4.4.1"
        },
        "x86_64-darwin": {
          "outputs": [
            {
              "name": "out",
              "path": "/nix/store/vrsm757lm1rfwqplz17cynq1g9fcyv8w-gnumake-4.4.1",
              "default": true
            },
            {
              "name": "man",
              "path": "/nix/store/1pvfnfv9abkm4w76r728bhbl7i1fm0vv-gnumake-4.4.1-man",
              "default": true
            },
            {
              "name": "doc",
              "path": "/nix/store/d5iqi0n18b0qhkdzn43ninhwlnr6cp5y-gnumake-4.4.1-doc"
            },
            {
              "name": "info",
              "path": "/nix/store/cr97vh5g50wql7k3v7gvkiinxyq3plbq-gnumake-4.4.1-info"
            }
          ],
          "store_path": "/nix/store/vrsm757lm1rfwqplz17cynq1g9fcyv8w-gnumake-4.4.1"
        },
        "x86_64-linux": {
          "outputs": [
            {
              "name": "out",
              "path": "/nix/store/d0irz6jq0d16h6iggq1mcwwvvxzi4lvy-gnumake-4.4.1",
              "default": true
            },
            {
              "name": "man",
              "path": "/nix/store/glc6p5665hd292d3lx1a7rz3f8zwb0r2-gnumake-4.4.1-man",
              "default": true
            },
            {
              "name": "debug",
              "path": "/nix/store/lja6ghxrkm2c0i6cgyd88ckpzkdiwjy4-gnumake-4.4.1-debug"
            },
            {
              "name": "doc",
              "path": "/nix/store/s5mwixm6ks90jxkz69vsl4mdafqqw4kb-gnumake-4.4.1-doc"
            },
            {
              "name": "info",
              "path": "/nix/store/d0jpi3dn36051rnlpcl218yjc2k2mm79-gnumake-4.4.1-info"
            }
          ],
          "store_path": "/nix/store/d0irz6jq0d16h6iggq1mcwwvvxzi4lvy-gnumake-4.4.1"
        }
      }
    },
    "go@latest": {
      "last_modified": "2026-02-23T15:40:43Z",
      "resolved": "github:NixOS/nixpkgs/80d901ec0377e19ac3f7bb8c035201e2e098cc97#go_1_26",
      "source": "devbox-search",
      "version": "1.26.0",
      "systems": {
        "aarch64-darwin": {
          "outputs": [
            {
              "name": "out",
              "path": "/nix/store/5ajixjk279m40yf6x96xxlnvw1wg6hq3-go-1.26.0",
              "default": true
            }
          ],
          "store_path": "/nix/store/5ajixjk279m40yf6x96xxlnvw1wg6hq3-go-1.26.0"
        },
        "aarch64-linux": {
          "outputs": [
            {
              "name": "out",
              "path": "/nix/store/b0ncnyjis5pfzm86pb0y3klgdw2gwyww-go-1.26.0",
              "default": true
            }
          ],
          "store_path": "/nix/store/b0ncnyjis5pfzm86pb0y3klgdw2gwyww-go-1.26.0"
        },
        "x86_64-darwin": {
          "outputs": [
            {
              "name": "out",
              "path": "/nix/store/kpr6dqdjixi0b1wh7phisqmzkxjw7ln7-go-1.26.0",
              "default": true
            }
          ],
          "store_path": "/nix/store/kpr6dqdjixi0b1wh7phisqmzkxjw7ln7-go-1.26.0"
        },
        "x86_64-linux": {
          "outputs": [
            {
              "name": "out",
              "path": "/nix/store/s9dwyyi8mk76wslsm6jl50ky9hd11pv3-go-1.26.0",
              "default": true
            }
          ],
          "store_path": "/nix/store/s9dwyyi8mk76wslsm6jl50ky9hd11pv3-go-1.26.0"
        }
      }
    },
    "nodejs@latest": {
      "last_modified": "2026-03-04T00:49:39Z",
      "plugin_version": "0.0.2",
      "resolved": "github:NixOS/nixpkgs/0fd2db475afdde93c9e4b1625aafb8eb41b99807#nodejs_25",
      "source": "devbox-search",
      "version": "25.8.0",
      "systems": {
        "aarch64-darwin": {
          "outputs": [
            {
              "name": "out",
              "path": "/nix/store/dx0ak4wpn91a5ps032xlgzjblz2arynh-nodejs-25.8.0",
              "default": true
            }
          ],
          "store_path": "/nix/store/dx0ak4wpn91a5ps032xlgzjblz2arynh-nodejs-25.8.0"
        },
        "aarch64-linux": {
          "outputs": [
            {
              "name": "out",
              "path": "/nix/store/ab3p2f0hz6hn0ksrcg2sxd3hff9qba6q-nodejs-25.8.0",
              "default": true
            }
          ],
          "store_path": "/nix/store/ab3p2f0hz6hn0ksrcg2sxd3hff9qba6q-nodejs-25.8.0"
        },
        "x86_64-darwin": {
          "outputs": [
            {
              "name": "out",
              "path": "/nix/store/szjxi7dmi65hijd87kwcdgbjmvx6kki6-nodejs-25.8.0",
              "default": true
            }
          ],
          "store_path": "/nix/store/szjxi7dmi65hijd87kwcdgbjmvx6kki6-nodejs-25.8.0"
        },
        "x86_64-linux": {
          "outputs": [
            {
              "name": "out",
              "path": "/nix/store/75b4bawmhdmr18w6fpvgcxzcp5vjgwkf-nodejs-25.8.0",
              "default": true
            }
          ],
          "store_path": "/nix/store/75b4bawmhdmr18w6fpvgcxzcp5vjgwkf-nodejs-25.8.0"
        }
      }
    }
  }
}
